// !$*UTF8*$!
{
	archiveVersion = 1;
	classes = {
	};
	objectVersion = 56;
	objects = {

/* Begin PBXBuildFile section */
		5436AD162A5F44E100CE58F1 /* RoundedShape.swift in Sources */ = {isa = PBXBuildFile; fileRef = 5436AD152A5F44E100CE58F1 /* RoundedShape.swift */; };
		5436AD182A5F698100CE58F1 /* CustomTextField.swift in Sources */ = {isa = PBXBuildFile; fileRef = 5436AD172A5F698100CE58F1 /* CustomTextField.swift */; };
		543AB1612A53E3AA003B8603 /* ExploreView.swift in Sources */ = {isa = PBXBuildFile; fileRef = 543AB1602A53E3AA003B8603 /* ExploreView.swift */; };
		543AB1632A53E3BB003B8603 /* NotificationsView.swift in Sources */ = {isa = PBXBuildFile; fileRef = 543AB1622A53E3BB003B8603 /* NotificationsView.swift */; };
		543AB1652A53E3D2003B8603 /* ProfileView.swift in Sources */ = {isa = PBXBuildFile; fileRef = 543AB1642A53E3D2003B8603 /* ProfileView.swift */; };
		543AB1672A53E3DF003B8603 /* MessagesView.swift in Sources */ = {isa = PBXBuildFile; fileRef = 543AB1662A53E3DF003B8603 /* MessagesView.swift */; };
		543AB16D2A5597F7003B8603 /* TweetFilterViewModel.swift in Sources */ = {isa = PBXBuildFile; fileRef = 543AB16C2A5597F7003B8603 /* TweetFilterViewModel.swift */; };
		543AB1702A55A2EF003B8603 /* UserRowView.swift in Sources */ = {isa = PBXBuildFile; fileRef = 543AB16F2A55A2EF003B8603 /* UserRowView.swift */; };
		543FC2D42A5CA589000AF546 /* UserStatView.swift in Sources */ = {isa = PBXBuildFile; fileRef = 543FC2D32A5CA589000AF546 /* UserStatView.swift */; };
		543FDEBF2A53627100251FD1 /* TwitterCloneApp.swift in Sources */ = {isa = PBXBuildFile; fileRef = 543FDEBE2A53627100251FD1 /* TwitterCloneApp.swift */; };
		543FDEC12A53627100251FD1 /* ContentView.swift in Sources */ = {isa = PBXBuildFile; fileRef = 543FDEC02A53627100251FD1 /* ContentView.swift */; };
		543FDEC32A53627200251FD1 /* Assets.xcassets in Resources */ = {isa = PBXBuildFile; fileRef = 543FDEC22A53627200251FD1 /* Assets.xcassets */; };
		543FDEC62A53627200251FD1 /* Preview Assets.xcassets in Resources */ = {isa = PBXBuildFile; fileRef = 543FDEC52A53627200251FD1 /* Preview Assets.xcassets */; };
		543FDED22A53630000251FD1 /* TweetRowView.swift in Sources */ = {isa = PBXBuildFile; fileRef = 543FDED12A53630000251FD1 /* TweetRowView.swift */; };
		543FDED62A536CBF00251FD1 /* FeedView.swift in Sources */ = {isa = PBXBuildFile; fileRef = 543FDED52A536CBF00251FD1 /* FeedView.swift */; };
		543FDED92A53701900251FD1 /* MainTabView.swift in Sources */ = {isa = PBXBuildFile; fileRef = 543FDED82A53701900251FD1 /* MainTabView.swift */; };
		5448ED622A5B807E00FC2E50 /* SideMenuView.swift in Sources */ = {isa = PBXBuildFile; fileRef = 5448ED612A5B807E00FC2E50 /* SideMenuView.swift */; };
		5448ED652A5B809300FC2E50 /* SideMenuVideModel.swift in Sources */ = {isa = PBXBuildFile; fileRef = 5448ED642A5B809300FC2E50 /* SideMenuVideModel.swift */; };
		54836E5B2A5D1B5400143796 /* SideMenuOptionRowView.swift in Sources */ = {isa = PBXBuildFile; fileRef = 54836E5A2A5D1B5400143796 /* SideMenuOptionRowView.swift */; };
		54836E612A5D2BA000143796 /* NewTweetView.swift in Sources */ = {isa = PBXBuildFile; fileRef = 54836E602A5D2BA000143796 /* NewTweetView.swift */; };
		54836E672A5D2F9300143796 /* LoginView.swift in Sources */ = {isa = PBXBuildFile; fileRef = 54836E662A5D2F9300143796 /* LoginView.swift */; };
		54836E692A5D2F9F00143796 /* RegistrationView.swift in Sources */ = {isa = PBXBuildFile; fileRef = 54836E682A5D2F9F00143796 /* RegistrationView.swift */; };
/* End PBXBuildFile section */

/* Begin PBXFileReference section */
		5436AD152A5F44E100CE58F1 /* RoundedShape.swift */ = {isa = PBXFileReference; lastKnownFileType = sourcecode.swift; path = RoundedShape.swift; sourceTree = "<group>"; };
		5436AD172A5F698100CE58F1 /* CustomTextField.swift */ = {isa = PBXFileReference; lastKnownFileType = sourcecode.swift; path = CustomTextField.swift; sourceTree = "<group>"; };
		543AB1602A53E3AA003B8603 /* ExploreView.swift */ = {isa = PBXFileReference; lastKnownFileType = sourcecode.swift; path = ExploreView.swift; sourceTree = "<group>"; };
		543AB1622A53E3BB003B8603 /* NotificationsView.swift */ = {isa = PBXFileReference; lastKnownFileType = sourcecode.swift; path = NotificationsView.swift; sourceTree = "<group>"; };
		543AB1642A53E3D2003B8603 /* ProfileView.swift */ = {isa = PBXFileReference; lastKnownFileType = sourcecode.swift; path = ProfileView.swift; sourceTree = "<group>"; };
		543AB1662A53E3DF003B8603 /* MessagesView.swift */ = {isa = PBXFileReference; lastKnownFileType = sourcecode.swift; path = MessagesView.swift; sourceTree = "<group>"; };
		543AB16C2A5597F7003B8603 /* TweetFilterViewModel.swift */ = {isa = PBXFileReference; lastKnownFileType = sourcecode.swift; path = TweetFilterViewModel.swift; sourceTree = "<group>"; };
		543AB16F2A55A2EF003B8603 /* UserRowView.swift */ = {isa = PBXFileReference; lastKnownFileType = sourcecode.swift; path = UserRowView.swift; sourceTree = "<group>"; };
		543FC2D32A5CA589000AF546 /* UserStatView.swift */ = {isa = PBXFileReference; lastKnownFileType = sourcecode.swift; path = UserStatView.swift; sourceTree = "<group>"; };
		543FDEBB2A53627100251FD1 /* TwitterClone.app */ = {isa = PBXFileReference; explicitFileType = wrapper.application; includeInIndex = 0; path = TwitterClone.app; sourceTree = BUILT_PRODUCTS_DIR; };
		543FDEBE2A53627100251FD1 /* TwitterCloneApp.swift */ = {isa = PBXFileReference; lastKnownFileType = sourcecode.swift; path = TwitterCloneApp.swift; sourceTree = "<group>"; };
		543FDEC02A53627100251FD1 /* ContentView.swift */ = {isa = PBXFileReference; lastKnownFileType = sourcecode.swift; path = ContentView.swift; sourceTree = "<group>"; };
		543FDEC22A53627200251FD1 /* Assets.xcassets */ = {isa = PBXFileReference; lastKnownFileType = folder.assetcatalog; path = Assets.xcassets; sourceTree = "<group>"; };
		543FDEC52A53627200251FD1 /* Preview Assets.xcassets */ = {isa = PBXFileReference; lastKnownFileType = folder.assetcatalog; path = "Preview Assets.xcassets"; sourceTree = "<group>"; };
		543FDED12A53630000251FD1 /* TweetRowView.swift */ = {isa = PBXFileReference; lastKnownFileType = sourcecode.swift; path = TweetRowView.swift; sourceTree = "<group>"; };
		543FDED52A536CBF00251FD1 /* FeedView.swift */ = {isa = PBXFileReference; lastKnownFileType = sourcecode.swift; path = FeedView.swift; sourceTree = "<group>"; };
		543FDED82A53701900251FD1 /* MainTabView.swift */ = {isa = PBXFileReference; lastKnownFileType = sourcecode.swift; path = MainTabView.swift; sourceTree = "<group>"; };
		5448ED612A5B807E00FC2E50 /* SideMenuView.swift */ = {isa = PBXFileReference; lastKnownFileType = sourcecode.swift; path = SideMenuView.swift; sourceTree = "<group>"; };
		5448ED642A5B809300FC2E50 /* SideMenuVideModel.swift */ = {isa = PBXFileReference; lastKnownFileType = sourcecode.swift; path = SideMenuVideModel.swift; sourceTree = "<group>"; };
		54836E5A2A5D1B5400143796 /* SideMenuOptionRowView.swift */ = {isa = PBXFileReference; lastKnownFileType = sourcecode.swift; path = SideMenuOptionRowView.swift; sourceTree = "<group>"; };
		54836E602A5D2BA000143796 /* NewTweetView.swift */ = {isa = PBXFileReference; lastKnownFileType = sourcecode.swift; path = NewTweetView.swift; sourceTree = "<group>"; };
		54836E662A5D2F9300143796 /* LoginView.swift */ = {isa = PBXFileReference; lastKnownFileType = sourcecode.swift; path = LoginView.swift; sourceTree = "<group>"; };
		54836E682A5D2F9F00143796 /* RegistrationView.swift */ = {isa = PBXFileReference; lastKnownFileType = sourcecode.swift; path = RegistrationView.swift; sourceTree = "<group>"; };
/* End PBXFileReference section */

/* Begin PBXFrameworksBuildPhase section */
		543FDEB82A53627100251FD1 /* Frameworks */ = {
			isa = PBXFrameworksBuildPhase;
			buildActionMask = 2147483647;
			files = (
			);
			runOnlyForDeploymentPostprocessing = 0;
		};
/* End PBXFrameworksBuildPhase section */

/* Begin PBXGroup section */
		543AB15C2A53E35F003B8603 /* Messages */ = {
			isa = PBXGroup;
			children = (
				543AB1662A53E3DF003B8603 /* MessagesView.swift */,
			);
			path = Messages;
			sourceTree = "<group>";
		};
		543AB15D2A53E361003B8603 /* Profile */ = {
			isa = PBXGroup;
			children = (
				543AB1692A5597C4003B8603 /* VIewModel */,
				543AB1682A5597BF003B8603 /* View */,
			);
			path = Profile;
			sourceTree = "<group>";
		};
		543AB15E2A53E362003B8603 /* Notifications */ = {
			isa = PBXGroup;
			children = (
				543AB1622A53E3BB003B8603 /* NotificationsView.swift */,
			);
			path = Notifications;
			sourceTree = "<group>";
		};
		543AB15F2A53E363003B8603 /* Explore */ = {
			isa = PBXGroup;
			children = (
				543AB1602A53E3AA003B8603 /* ExploreView.swift */,
			);
			path = Explore;
			sourceTree = "<group>";
		};
		543AB1682A5597BF003B8603 /* View */ = {
			isa = PBXGroup;
			children = (
				543AB1642A53E3D2003B8603 /* ProfileView.swift */,
			);
			path = View;
			sourceTree = "<group>";
		};
		543AB1692A5597C4003B8603 /* VIewModel */ = {
			isa = PBXGroup;
			children = (
				543AB16C2A5597F7003B8603 /* TweetFilterViewModel.swift */,
			);
			path = VIewModel;
			sourceTree = "<group>";
		};
		543AB16E2A55A2DE003B8603 /* Users */ = {
			isa = PBXGroup;
			children = (
				543AB16F2A55A2EF003B8603 /* UserRowView.swift */,
				543FC2D32A5CA589000AF546 /* UserStatView.swift */,
			);
			path = Users;
			sourceTree = "<group>";
		};
		543FDEB22A53627100251FD1 = {
			isa = PBXGroup;
			children = (
				543FDEBD2A53627100251FD1 /* TwitterClone */,
				543FDEBC2A53627100251FD1 /* Products */,
			);
			sourceTree = "<group>";
		};
		543FDEBC2A53627100251FD1 /* Products */ = {
			isa = PBXGroup;
			children = (
				543FDEBB2A53627100251FD1 /* TwitterClone.app */,
			);
			name = Products;
			sourceTree = "<group>";
		};
		543FDEBD2A53627100251FD1 /* TwitterClone */ = {
			isa = PBXGroup;
			children = (
				543FDECF2A53629200251FD1 /* Core */,
				543FDECD2A53628700251FD1 /* Extensions */,
				543FDECE2A53628C00251FD1 /* Service */,
				543FDECC2A53628300251FD1 /* Model */,
				543FDEBE2A53627100251FD1 /* TwitterCloneApp.swift */,
				543FDEC02A53627100251FD1 /* ContentView.swift */,
				543FDEC22A53627200251FD1 /* Assets.xcassets */,
				543FDEC42A53627200251FD1 /* Preview Content */,
			);
			path = TwitterClone;
			sourceTree = "<group>";
		};
		543FDEC42A53627200251FD1 /* Preview Content */ = {
			isa = PBXGroup;
			children = (
				543FDEC52A53627200251FD1 /* Preview Assets.xcassets */,
			);
			path = "Preview Content";
			sourceTree = "<group>";
		};
		543FDECC2A53628300251FD1 /* Model */ = {
			isa = PBXGroup;
			children = (
			);
			path = Model;
			sourceTree = "<group>";
		};
		543FDECD2A53628700251FD1 /* Extensions */ = {
			isa = PBXGroup;
			children = (
			);
			path = Extensions;
			sourceTree = "<group>";
		};
		543FDECE2A53628C00251FD1 /* Service */ = {
			isa = PBXGroup;
			children = (
			);
			path = Service;
			sourceTree = "<group>";
		};
		543FDECF2A53629200251FD1 /* Core */ = {
			isa = PBXGroup;
			children = (
				54836E622A5D2F6D00143796 /* Authentication */,
				54836E5C2A5D2B1C00143796 /* UploadTweet */,
				5448ED5E2A5B806200FC2E50 /* SideMenu */,
				543FDED02A5362EE00251FD1 /* Components */,
				543FDED42A536CA100251FD1 /* Feed */,
				543AB15F2A53E363003B8603 /* Explore */,
				543AB15E2A53E362003B8603 /* Notifications */,
				543AB15D2A53E361003B8603 /* Profile */,
				543AB15C2A53E35F003B8603 /* Messages */,
				543FDED72A53700C00251FD1 /* MainTabView */,
			);
			path = Core;
			sourceTree = "<group>";
		};
		543FDED02A5362EE00251FD1 /* Components */ = {
			isa = PBXGroup;
			children = (
				543AB16E2A55A2DE003B8603 /* Users */,
				543FDED32A536C7800251FD1 /* Tweets */,
				5436AD152A5F44E100CE58F1 /* RoundedShape.swift */,
				5436AD172A5F698100CE58F1 /* CustomTextField.swift */,
			);
			path = Components;
			sourceTree = "<group>";
		};
		543FDED32A536C7800251FD1 /* Tweets */ = {
			isa = PBXGroup;
			children = (
				543FDED12A53630000251FD1 /* TweetRowView.swift */,
			);
			path = Tweets;
			sourceTree = "<group>";
		};
		543FDED42A536CA100251FD1 /* Feed */ = {
			isa = PBXGroup;
			children = (
				543FDED52A536CBF00251FD1 /* FeedView.swift */,
			);
			path = Feed;
			sourceTree = "<group>";
		};
		543FDED72A53700C00251FD1 /* MainTabView */ = {
			isa = PBXGroup;
			children = (
				543FDED82A53701900251FD1 /* MainTabView.swift */,
			);
			path = MainTabView;
			sourceTree = "<group>";
		};
		5448ED5E2A5B806200FC2E50 /* SideMenu */ = {
			isa = PBXGroup;
			children = (
				5448ED5F2A5B806800FC2E50 /* View */,
				5448ED602A5B806D00FC2E50 /* ViewModel */,
			);
			path = SideMenu;
			sourceTree = "<group>";
		};
		5448ED5F2A5B806800FC2E50 /* View */ = {
			isa = PBXGroup;
			children = (
				5448ED612A5B807E00FC2E50 /* SideMenuView.swift */,
				54836E5A2A5D1B5400143796 /* SideMenuOptionRowView.swift */,
			);
			path = View;
			sourceTree = "<group>";
		};
		5448ED602A5B806D00FC2E50 /* ViewModel */ = {
			isa = PBXGroup;
			children = (
				5448ED642A5B809300FC2E50 /* SideMenuVideModel.swift */,
			);
			path = ViewModel;
			sourceTree = "<group>";
		};
		54836E5C2A5D2B1C00143796 /* UploadTweet */ = {
			isa = PBXGroup;
			children = (
				54836E5D2A5D2B7300143796 /* View */,
				54836E5E2A5D2B7900143796 /* ViewModel */,
			);
			path = UploadTweet;
			sourceTree = "<group>";
		};
		54836E5D2A5D2B7300143796 /* View */ = {
			isa = PBXGroup;
			children = (
				54836E602A5D2BA000143796 /* NewTweetView.swift */,
			);
			path = View;
			sourceTree = "<group>";
		};
		54836E5E2A5D2B7900143796 /* ViewModel */ = {
			isa = PBXGroup;
			children = (
			);
			path = ViewModel;
			sourceTree = "<group>";
		};
		54836E622A5D2F6D00143796 /* Authentication */ = {
			isa = PBXGroup;
			children = (
				54836E642A5D2F7B00143796 /* View */,
				54836E632A5D2F7600143796 /* ViewModel */,
			);
			path = Authentication;
			sourceTree = "<group>";
		};
		54836E632A5D2F7600143796 /* ViewModel */ = {
			isa = PBXGroup;
			children = (
			);
			path = ViewModel;
			sourceTree = "<group>";
		};
		54836E642A5D2F7B00143796 /* View */ = {
			isa = PBXGroup;
			children = (
				54836E662A5D2F9300143796 /* LoginView.swift */,
				54836E682A5D2F9F00143796 /* RegistrationView.swift */,
			);
			path = View;
			sourceTree = "<group>";
		};
/* End PBXGroup section */

/* Begin PBXNativeTarget section */
		543FDEBA2A53627100251FD1 /* TwitterClone */ = {
			isa = PBXNativeTarget;
			buildConfigurationList = 543FDEC92A53627200251FD1 /* Build configuration list for PBXNativeTarget "TwitterClone" */;
			buildPhases = (
				543FDEB72A53627100251FD1 /* Sources */,
				543FDEB82A53627100251FD1 /* Frameworks */,
				543FDEB92A53627100251FD1 /* Resources */,
			);
			buildRules = (
			);
			dependencies = (
			);
			name = TwitterClone;
			productName = TwitterClone;
			productReference = 543FDEBB2A53627100251FD1 /* TwitterClone.app */;
			productType = "com.apple.product-type.application";
		};
/* End PBXNativeTarget section */

/* Begin PBXProject section */
		543FDEB32A53627100251FD1 /* Project object */ = {
			isa = PBXProject;
			attributes = {
				BuildIndependentTargetsInParallel = 1;
				LastSwiftUpdateCheck = 1430;
				LastUpgradeCheck = 1430;
				TargetAttributes = {
					543FDEBA2A53627100251FD1 = {
						CreatedOnToolsVersion = 14.3.1;
					};
				};
			};
			buildConfigurationList = 543FDEB62A53627100251FD1 /* Build configuration list for PBXProject "TwitterClone" */;
			compatibilityVersion = "Xcode 14.0";
			developmentRegion = en;
			hasScannedForEncodings = 0;
			knownRegions = (
				en,
				Base,
			);
			mainGroup = 543FDEB22A53627100251FD1;
			productRefGroup = 543FDEBC2A53627100251FD1 /* Products */;
			projectDirPath = "";
			projectRoot = "";
			targets = (
				543FDEBA2A53627100251FD1 /* TwitterClone */,
			);
		};
/* End PBXProject section */

/* Begin PBXResourcesBuildPhase section */
		543FDEB92A53627100251FD1 /* Resources */ = {
			isa = PBXResourcesBuildPhase;
			buildActionMask = 2147483647;
			files = (
				543FDEC62A53627200251FD1 /* Preview Assets.xcassets in Resources */,
				543FDEC32A53627200251FD1 /* Assets.xcassets in Resources */,
			);
			runOnlyForDeploymentPostprocessing = 0;
		};
/* End PBXResourcesBuildPhase section */

/* Begin PBXSourcesBuildPhase section */
		543FDEB72A53627100251FD1 /* Sources */ = {
			isa = PBXSourcesBuildPhase;
			buildActionMask = 2147483647;
			files = (
				543AB1652A53E3D2003B8603 /* ProfileView.swift in Sources */,
				543FDED92A53701900251FD1 /* MainTabView.swift in Sources */,
				543AB1632A53E3BB003B8603 /* NotificationsView.swift in Sources */,
				54836E692A5D2F9F00143796 /* RegistrationView.swift in Sources */,
				5436AD182A5F698100CE58F1 /* CustomTextField.swift in Sources */,
				543FC2D42A5CA589000AF546 /* UserStatView.swift in Sources */,
				5448ED652A5B809300FC2E50 /* SideMenuVideModel.swift in Sources */,
				543AB1672A53E3DF003B8603 /* MessagesView.swift in Sources */,
				543AB16D2A5597F7003B8603 /* TweetFilterViewModel.swift in Sources */,
				543FDED62A536CBF00251FD1 /* FeedView.swift in Sources */,
				5448ED622A5B807E00FC2E50 /* SideMenuView.swift in Sources */,
				543FDEC12A53627100251FD1 /* ContentView.swift in Sources */,
				54836E672A5D2F9300143796 /* LoginView.swift in Sources */,
				54836E5B2A5D1B5400143796 /* SideMenuOptionRowView.swift in Sources */,
				54836E612A5D2BA000143796 /* NewTweetView.swift in Sources */,
				5436AD162A5F44E100CE58F1 /* RoundedShape.swift in Sources */,
				543FDEBF2A53627100251FD1 /* TwitterCloneApp.swift in Sources */,
				543AB1702A55A2EF003B8603 /* UserRowView.swift in Sources */,
				543AB1612A53E3AA003B8603 /* ExploreView.swift in Sources */,
				543FDED22A53630000251FD1 /* TweetRowView.swift in Sources */,
			);
			runOnlyForDeploymentPostprocessing = 0;
		};
/* End PBXSourcesBuildPhase section */

/* Begin XCBuildConfiguration section */
		543FDEC72A53627200251FD1 /* Debug */ = {
			isa = XCBuildConfiguration;
			buildSettings = {
				ALWAYS_SEARCH_USER_PATHS = NO;
				CLANG_ANALYZER_NONNULL = YES;
				CLANG_ANALYZER_NUMBER_OBJECT_CONVERSION = YES_AGGRESSIVE;
				CLANG_CXX_LANGUAGE_STANDARD = "gnu++20";
				CLANG_ENABLE_MODULES = YES;
				CLANG_ENABLE_OBJC_ARC = YES;
				CLANG_ENABLE_OBJC_WEAK = YES;
				CLANG_WARN_BLOCK_CAPTURE_AUTORELEASING = YES;
				CLANG_WARN_BOOL_CONVERSION = YES;
				CLANG_WARN_COMMA = YES;
				CLANG_WARN_CONSTANT_CONVERSION = YES;
				CLANG_WARN_DEPRECATED_OBJC_IMPLEMENTATIONS = YES;
				CLANG_WARN_DIRECT_OBJC_ISA_USAGE = YES_ERROR;
				CLANG_WARN_DOCUMENTATION_COMMENTS = YES;
				CLANG_WARN_EMPTY_BODY = YES;
				CLANG_WARN_ENUM_CONVERSION = YES;
				CLANG_WARN_INFINITE_RECURSION = YES;
				CLANG_WARN_INT_CONVERSION = YES;
				CLANG_WARN_NON_LITERAL_NULL_CONVERSION = YES;
				CLANG_WARN_OBJC_IMPLICIT_RETAIN_SELF = YES;
				CLANG_WARN_OBJC_LITERAL_CONVERSION = YES;
				CLANG_WARN_OBJC_ROOT_CLASS = YES_ERROR;
				CLANG_WARN_QUOTED_INCLUDE_IN_FRAMEWORK_HEADER = YES;
				CLANG_WARN_RANGE_LOOP_ANALYSIS = YES;
				CLANG_WARN_STRICT_PROTOTYPES = YES;
				CLANG_WARN_SUSPICIOUS_MOVE = YES;
				CLANG_WARN_UNGUARDED_AVAILABILITY = YES_AGGRESSIVE;
				CLANG_WARN_UNREACHABLE_CODE = YES;
				CLANG_WARN__DUPLICATE_METHOD_MATCH = YES;
				COPY_PHASE_STRIP = NO;
				DEBUG_INFORMATION_FORMAT = dwarf;
				ENABLE_STRICT_OBJC_MSGSEND = YES;
				ENABLE_TESTABILITY = YES;
				GCC_C_LANGUAGE_STANDARD = gnu11;
				GCC_DYNAMIC_NO_PIC = NO;
				GCC_NO_COMMON_BLOCKS = YES;
				GCC_OPTIMIZATION_LEVEL = 0;
				GCC_PREPROCESSOR_DEFINITIONS = (
					"DEBUG=1",
					"$(inherited)",
				);
				GCC_WARN_64_TO_32_BIT_CONVERSION = YES;
				GCC_WARN_ABOUT_RETURN_TYPE = YES_ERROR;
				GCC_WARN_UNDECLARED_SELECTOR = YES;
				GCC_WARN_UNINITIALIZED_AUTOS = YES_AGGRESSIVE;
				GCC_WARN_UNUSED_FUNCTION = YES;
				GCC_WARN_UNUSED_VARIABLE = YES;
				IPHONEOS_DEPLOYMENT_TARGET = 16.4;
				MTL_ENABLE_DEBUG_INFO = INCLUDE_SOURCE;
				MTL_FAST_MATH = YES;
				ONLY_ACTIVE_ARCH = YES;
				SDKROOT = iphoneos;
				SWIFT_ACTIVE_COMPILATION_CONDITIONS = DEBUG;
				SWIFT_OPTIMIZATION_LEVEL = "-Onone";
			};
			name = Debug;
		};
		543FDEC82A53627200251FD1 /* Release */ = {
			isa = XCBuildConfiguration;
			buildSettings = {
				ALWAYS_SEARCH_USER_PATHS = NO;
				CLANG_ANALYZER_NONNULL = YES;
				CLANG_ANALYZER_NUMBER_OBJECT_CONVERSION = YES_AGGRESSIVE;
				CLANG_CXX_LANGUAGE_STANDARD = "gnu++20";
				CLANG_ENABLE_MODULES = YES;
				CLANG_ENABLE_OBJC_ARC = YES;
				CLANG_ENABLE_OBJC_WEAK = YES;
				CLANG_WARN_BLOCK_CAPTURE_AUTORELEASING = YES;
				CLANG_WARN_BOOL_CONVERSION = YES;
				CLANG_WARN_COMMA = YES;
				CLANG_WARN_CONSTANT_CONVERSION = YES;
				CLANG_WARN_DEPRECATED_OBJC_IMPLEMENTATIONS = YES;
				CLANG_WARN_DIRECT_OBJC_ISA_USAGE = YES_ERROR;
				CLANG_WARN_DOCUMENTATION_COMMENTS = YES;
				CLANG_WARN_EMPTY_BODY = YES;
				CLANG_WARN_ENUM_CONVERSION = YES;
				CLANG_WARN_INFINITE_RECURSION = YES;
				CLANG_WARN_INT_CONVERSION = YES;
				CLANG_WARN_NON_LITERAL_NULL_CONVERSION = YES;
				CLANG_WARN_OBJC_IMPLICIT_RETAIN_SELF = YES;
				CLANG_WARN_OBJC_LITERAL_CONVERSION = YES;
				CLANG_WARN_OBJC_ROOT_CLASS = YES_ERROR;
				CLANG_WARN_QUOTED_INCLUDE_IN_FRAMEWORK_HEADER = YES;
				CLANG_WARN_RANGE_LOOP_ANALYSIS = YES;
				CLANG_WARN_STRICT_PROTOTYPES = YES;
				CLANG_WARN_SUSPICIOUS_MOVE = YES;
				CLANG_WARN_UNGUARDED_AVAILABILITY = YES_AGGRESSIVE;
				CLANG_WARN_UNREACHABLE_CODE = YES;
				CLANG_WARN__DUPLICATE_METHOD_MATCH = YES;
				COPY_PHASE_STRIP = NO;
				DEBUG_INFORMATION_FORMAT = "dwarf-with-dsym";
				ENABLE_NS_ASSERTIONS = NO;
				ENABLE_STRICT_OBJC_MSGSEND = YES;
				GCC_C_LANGUAGE_STANDARD = gnu11;
				GCC_NO_COMMON_BLOCKS = YES;
				GCC_WARN_64_TO_32_BIT_CONVERSION = YES;
				GCC_WARN_ABOUT_RETURN_TYPE = YES_ERROR;
				GCC_WARN_UNDECLARED_SELECTOR = YES;
				GCC_WARN_UNINITIALIZED_AUTOS = YES_AGGRESSIVE;
				GCC_WARN_UNUSED_FUNCTION = YES;
				GCC_WARN_UNUSED_VARIABLE = YES;
				IPHONEOS_DEPLOYMENT_TARGET = 16.4;
				MTL_ENABLE_DEBUG_INFO = NO;
				MTL_FAST_MATH = YES;
				SDKROOT = iphoneos;
				SWIFT_COMPILATION_MODE = wholemodule;
				SWIFT_OPTIMIZATION_LEVEL = "-O";
				VALIDATE_PRODUCT = YES;
			};
			name = Release;
		};
		543FDECA2A53627200251FD1 /* Debug */ = {
			isa = XCBuildConfiguration;
			buildSettings = {
				ASSETCATALOG_COMPILER_APPICON_NAME = AppIcon;
				ASSETCATALOG_COMPILER_GLOBAL_ACCENT_COLOR_NAME = AccentColor;
				CODE_SIGN_STYLE = Automatic;
				CURRENT_PROJECT_VERSION = 1;
				DEVELOPMENT_ASSET_PATHS = "\"TwitterClone/Preview Content\"";
				DEVELOPMENT_TEAM = 2R35F38UKF;
				ENABLE_PREVIEWS = YES;
				GENERATE_INFOPLIST_FILE = YES;
				INFOPLIST_KEY_UIApplicationSceneManifest_Generation = YES;
				INFOPLIST_KEY_UIApplicationSupportsIndirectInputEvents = YES;
				INFOPLIST_KEY_UILaunchScreen_Generation = YES;
				INFOPLIST_KEY_UISupportedInterfaceOrientations_iPad = "UIInterfaceOrientationPortrait UIInterfaceOrientationPortraitUpsideDown UIInterfaceOrientationLandscapeLeft UIInterfaceOrientationLandscapeRight";
				INFOPLIST_KEY_UISupportedInterfaceOrientations_iPhone = "UIInterfaceOrientationPortrait UIInterfaceOrientationLandscapeLeft UIInterfaceOrientationLandscapeRight";
				LD_RUNPATH_SEARCH_PATHS = (
					"$(inherited)",
					"@executable_path/Frameworks",
				);
				MARKETING_VERSION = 1.0;
				PRODUCT_BUNDLE_IDENTIFIER = com.ramdhas.TwitterClone;
				PRODUCT_NAME = "$(TARGET_NAME)";
				SWIFT_EMIT_LOC_STRINGS = YES;
				SWIFT_VERSION = 5.0;
				TARGETED_DEVICE_FAMILY = "1,2";
			};
			name = Debug;
		};
		543FDECB2A53627200251FD1 /* Release */ = {
			isa = XCBuildConfiguration;
			buildSettings = {
				ASSETCATALOG_COMPILER_APPICON_NAME = AppIcon;
				ASSETCATALOG_COMPILER_GLOBAL_ACCENT_COLOR_NAME = AccentColor;
				CODE_SIGN_STYLE = Automatic;
				CURRENT_PROJECT_VERSION = 1;
				DEVELOPMENT_ASSET_PATHS = "\"TwitterClone/Preview Content\"";
				DEVELOPMENT_TEAM = 2R35F38UKF;
				ENABLE_PREVIEWS = YES;
				GENERATE_INFOPLIST_FILE = YES;
				INFOPLIST_KEY_UIApplicationSceneManifest_Generation = YES;
				INFOPLIST_KEY_UIApplicationSupportsIndirectInputEvents = YES;
				INFOPLIST_KEY_UILaunchScreen_Generation = YES;
				INFOPLIST_KEY_UISupportedInterfaceOrientations_iPad = "UIInterfaceOrientationPortrait UIInterfaceOrientationPortraitUpsideDown UIInterfaceOrientationLandscapeLeft UIInterfaceOrientationLandscapeRight";
				INFOPLIST_KEY_UISupportedInterfaceOrientations_iPhone = "UIInterfaceOrientationPortrait UIInterfaceOrientationLandscapeLeft UIInterfaceOrientationLandscapeRight";
				LD_RUNPATH_SEARCH_PATHS = (
					"$(inherited)",
					"@executable_path/Frameworks",
				);
				MARKETING_VERSION = 1.0;
				PRODUCT_BUNDLE_IDENTIFIER = com.ramdhas.TwitterClone;
				PRODUCT_NAME = "$(TARGET_NAME)";
				SWIFT_EMIT_LOC_STRINGS = YES;
				SWIFT_VERSION = 5.0;
				TARGETED_DEVICE_FAMILY = "1,2";
			};
			name = Release;
		};
/* End XCBuildConfiguration section */

/* Begin XCConfigurationList section */
		543FDEB62A53627100251FD1 /* Build configuration list for PBXProject "TwitterClone" */ = {
			isa = XCConfigurationList;
			buildConfigurations = (
				543FDEC72A53627200251FD1 /* Debug */,
				543FDEC82A53627200251FD1 /* Release */,
			);
			defaultConfigurationIsVisible = 0;
			defaultConfigurationName = Release;
		};
		543FDEC92A53627200251FD1 /* Build configuration list for PBXNativeTarget "TwitterClone" */ = {
			isa = XCConfigurationList;
			buildConfigurations = (
				543FDECA2A53627200251FD1 /* Debug */,
				543FDECB2A53627200251FD1 /* Release */,
			);
			defaultConfigurationIsVisible = 0;
			defaultConfigurationName = Release;
		};
/* End XCConfigurationList section */
	};
	rootObject = 543FDEB32A53627100251FD1 /* Project object */;
}
